
Microsoft Visual Studio Solution File, Format Version 12.00
# Visual Studio 14
VisualStudioVersion = 14.0.25420.1
MinimumVisualStudioVersion = 10.0.40219.1
Project("{FAE04EC0-301F-11D3-BF4B-00C04F79EFBC}") = "CirclePackingAnimator", "CirclePackingAnimator\CirclePackingAnimator.csproj", "{E17123FB-7426-405A-A337-FEA69BE9BCFF}"
EndProject
Project("{FAE04EC0-301F-11D3-BF4B-00C04F79EFBC}") = "GraphicsLibrary", "GraphicsLibrary\GraphicsLibrary.csproj", "{E74A31B0-DEE8-47A4-937C-08C9E0EAFE6F}"
EndProject
Global
	GlobalSection(SolutionConfigurationPlatforms) = preSolution
		Debug|Any CPU = Debug|Any CPU
		Release|Any CPU = Release|Any CPU
	EndGlobalSection
	GlobalSection(ProjectConfigurationPlatforms) = postSolution
		{E17123FB-7426-405A-A337-FEA69BE9BCFF}.Debug|Any CPU.ActiveCfg = Debug|Any CPU
		{E17123FB-7426-405A-A337-FEA69BE9BCFF}.Debug|Any CPU.Build.0 = Debug|Any CPU
		{E17123FB-7426-405A-A337-FEA69BE9BCFF}.Release|Any CPU.ActiveCfg = Release|Any CPU
		{E17123FB-7426-405A-A337-FEA69BE9BCFF}.Release|Any CPU.Build.0 = Release|Any CPU
		{E74A31B0-DEE8-47A4-937C-08C9E0EAFE6F}.Debug|Any CPU.ActiveCfg = Debug|Any CPU
		{E74A31B0-DEE8-47A4-937C-08C9E0EAFE6F}.Debug|Any CPU.Build.0 = Debug|Any CPU
		{E74A31B0-DEE8-47A4-937C-08C9E0EAFE6F}.Release|Any CPU.ActiveCfg = Release|Any CPU
		{E74A31B0-DEE8-47A4-937C-08C9E0EAFE6F}.Release|Any CPU.Build.0 = Release|Any CPU
	EndGlobalSection
	GlobalSection(SolutionProperties) = preSolution
		HideSolutionNode = FALSE
	EndGlobalSection
EndGlobal
